
Microsoft Visual Studio Solution File, Format Version 12.00
# Visual Studio Version 17
VisualStudioVersion = 17.9.34616.47
MinimumVisualStudioVersion = 10.0.40219.1
Project("{FAE04EC0-301F-11D3-BF4B-00C04F79EFBC}") = "01.BuildInJSONSupport", "01.BuildInJSONSupport\01.BuildInJSONSupport.csproj", "{C55BE612-EBFB-48D0-A78B-14BAD27F0F22}"
EndProject
Global
	GlobalSection(SolutionConfigurationPlatforms) = preSolution
		Debug|Any CPU = Debug|Any CPU
		Release|Any CPU = Release|Any CPU
	EndGlobalSection
	GlobalSection(ProjectConfigurationPlatforms) = postSolution
		{C55BE612-EBFB-48D0-A78B-14BAD27F0F22}.Debug|Any CPU.ActiveCfg = Debug|Any CPU
		{C55BE612-EBFB-48D0-A78B-14BAD27F0F22}.Debug|Any CPU.Build.0 = Debug|Any CPU
		{C55BE612-EBFB-48D0-A78B-14BAD27F0F22}.Release|Any CPU.ActiveCfg = Release|Any CPU
		{C55BE612-EBFB-48D0-A78B-14BAD27F0F22}.Release|Any CPU.Build.0 = Release|Any CPU
	EndGlobalSection
	GlobalSection(SolutionProperties) = preSolution
		HideSolutionNode = FALSE
	EndGlobalSection
	GlobalSection(ExtensibilityGlobals) = postSolution
		SolutionGuid = {B3F007C6-9004-4E8A-BEAF-A6F6E91F6C56}
	EndGlobalSection
EndGlobal
